
Microsoft Visual Studio Solution File, Format Version 12.00
# Visual Studio Version 17
VisualStudioVersion = 17.3.32922.545
MinimumVisualStudioVersion = 10.0.40219.1
Project("{FAE04EC0-301F-11D3-BF4B-00C04F79EFBC}") = "Library", "Library\Library.csproj", "{22072627-B14D-44B8-BC0D-C45F8EC161CB}"
EndProject
Global
	GlobalSection(SolutionConfigurationPlatforms) = preSolution
		Debug|Any CPU = Debug|Any CPU
		Release|Any CPU = Release|Any CPU
	EndGlobalSection
	GlobalSection(ProjectConfigurationPlatforms) = postSolution
		{22072627-B14D-44B8-BC0D-C45F8EC161CB}.Debug|Any CPU.ActiveCfg = Debug|Any CPU
		{22072627-B14D-44B8-BC0D-C45F8EC161CB}.Debug|Any CPU.Build.0 = Debug|Any CPU
		{22072627-B14D-44B8-BC0D-C45F8EC161CB}.Release|Any CPU.ActiveCfg = Release|Any CPU
		{22072627-B14D-44B8-BC0D-C45F8EC161CB}.Release|Any CPU.Build.0 = Release|Any CPU
	EndGlobalSection
	GlobalSection(SolutionProperties) = preSolution
		HideSolutionNode = FALSE
	EndGlobalSection
	GlobalSection(ExtensibilityGlobals) = postSolution
		SolutionGuid = {4109BAFE-1D5B-4D36-8C0D-1E8D2485DA8F}
	EndGlobalSection
EndGlobal
